// !$*UTF8*$!
{
	archiveVersion = 1;
	classes = {
	};
	objectVersion = 55;
	objects = {

/* Begin PBXBuildFile section */
		BF7788B427E2E4DC00538874 /* WordleXenditApp.swift in Sources */ = {isa = PBXBuildFile; fileRef = BF7788B327E2E4DC00538874 /* WordleXenditApp.swift */; };
		BF7788B827E2E4E000538874 /* Assets.xcassets in Resources */ = {isa = PBXBuildFile; fileRef = BF7788B727E2E4E000538874 /* Assets.xcassets */; };
		BF7788BB27E2E4E000538874 /* Preview Assets.xcassets in Resources */ = {isa = PBXBuildFile; fileRef = BF7788BA27E2E4E000538874 /* Preview Assets.xcassets */; };
		BF7788BD27E2E4E000538874 /* Persistence.swift in Sources */ = {isa = PBXBuildFile; fileRef = BF7788BC27E2E4E000538874 /* Persistence.swift */; };
		BF7788C027E2E4E000538874 /* WordleXendit.xcdatamodeld in Sources */ = {isa = PBXBuildFile; fileRef = BF7788BE27E2E4E000538874 /* WordleXendit.xcdatamodeld */; };
		BF7788CA27E2E4E000538874 /* WordleXenditTests.swift in Sources */ = {isa = PBXBuildFile; fileRef = BF7788C927E2E4E000538874 /* WordleXenditTests.swift */; };
		BF7788D427E2E4E000538874 /* WordleXenditUITests.swift in Sources */ = {isa = PBXBuildFile; fileRef = BF7788D327E2E4E000538874 /* WordleXenditUITests.swift */; };
		BF7788D627E2E4E000538874 /* WordleXenditUITestsLaunchTests.swift in Sources */ = {isa = PBXBuildFile; fileRef = BF7788D527E2E4E000538874 /* WordleXenditUITestsLaunchTests.swift */; };
		BFF633E927E404E9004AA634 /* WordleViewModel.swift in Sources */ = {isa = PBXBuildFile; fileRef = BFF633E827E404E9004AA634 /* WordleViewModel.swift */; };
		BFF633ED27E4072C004AA634 /* Wordle.swift in Sources */ = {isa = PBXBuildFile; fileRef = BFF633EC27E4072C004AA634 /* Wordle.swift */; };
		BFF633F127E40BDC004AA634 /* WordleColor.swift in Sources */ = {isa = PBXBuildFile; fileRef = BFF633F027E40BDC004AA634 /* WordleColor.swift */; };
/* End PBXBuildFile section */

/* Begin PBXContainerItemProxy section */
		BF7788C627E2E4E000538874 /* PBXContainerItemProxy */ = {
			isa = PBXContainerItemProxy;
			containerPortal = BF7788A827E2E4DC00538874 /* Project object */;
			proxyType = 1;
			remoteGlobalIDString = BF7788AF27E2E4DC00538874;
			remoteInfo = WordleXendit;
		};
		BF7788D027E2E4E000538874 /* PBXContainerItemProxy */ = {
			isa = PBXContainerItemProxy;
			containerPortal = BF7788A827E2E4DC00538874 /* Project object */;
			proxyType = 1;
			remoteGlobalIDString = BF7788AF27E2E4DC00538874;
			remoteInfo = WordleXendit;
		};
/* End PBXContainerItemProxy section */

/* Begin PBXFileReference section */
		BF7788B027E2E4DC00538874 /* WordleXendit.app */ = {isa = PBXFileReference; explicitFileType = wrapper.application; includeInIndex = 0; path = WordleXendit.app; sourceTree = BUILT_PRODUCTS_DIR; };
		BF7788B327E2E4DC00538874 /* WordleXenditApp.swift */ = {isa = PBXFileReference; lastKnownFileType = sourcecode.swift; path = WordleXenditApp.swift; sourceTree = "<group>"; };
		BF7788B727E2E4E000538874 /* Assets.xcassets */ = {isa = PBXFileReference; lastKnownFileType = folder.assetcatalog; path = Assets.xcassets; sourceTree = "<group>"; };
		BF7788BA27E2E4E000538874 /* Preview Assets.xcassets */ = {isa = PBXFileReference; lastKnownFileType = folder.assetcatalog; path = "Preview Assets.xcassets"; sourceTree = "<group>"; };
		BF7788BC27E2E4E000538874 /* Persistence.swift */ = {isa = PBXFileReference; lastKnownFileType = sourcecode.swift; path = Persistence.swift; sourceTree = "<group>"; };
		BF7788BF27E2E4E000538874 /* WordleXendit.xcdatamodel */ = {isa = PBXFileReference; lastKnownFileType = wrapper.xcdatamodel; path = WordleXendit.xcdatamodel; sourceTree = "<group>"; };
		BF7788C527E2E4E000538874 /* WordleXenditTests.xctest */ = {isa = PBXFileReference; explicitFileType = wrapper.cfbundle; includeInIndex = 0; path = WordleXenditTests.xctest; sourceTree = BUILT_PRODUCTS_DIR; };
		BF7788C927E2E4E000538874 /* WordleXenditTests.swift */ = {isa = PBXFileReference; lastKnownFileType = sourcecode.swift; path = WordleXenditTests.swift; sourceTree = "<group>"; };
		BF7788CF27E2E4E000538874 /* WordleXenditUITests.xctest */ = {isa = PBXFileReference; explicitFileType = wrapper.cfbundle; includeInIndex = 0; path = WordleXenditUITests.xctest; sourceTree = BUILT_PRODUCTS_DIR; };
		BF7788D327E2E4E000538874 /* WordleXenditUITests.swift */ = {isa = PBXFileReference; lastKnownFileType = sourcecode.swift; path = WordleXenditUITests.swift; sourceTree = "<group>"; };
		BF7788D527E2E4E000538874 /* WordleXenditUITestsLaunchTests.swift */ = {isa = PBXFileReference; lastKnownFileType = sourcecode.swift; path = WordleXenditUITestsLaunchTests.swift; sourceTree = "<group>"; };
		BFF633E827E404E9004AA634 /* WordleViewModel.swift */ = {isa = PBXFileReference; lastKnownFileType = sourcecode.swift; path = WordleViewModel.swift; sourceTree = "<group>"; };
		BFF633EC27E4072C004AA634 /* Wordle.swift */ = {isa = PBXFileReference; lastKnownFileType = sourcecode.swift; path = Wordle.swift; sourceTree = "<group>"; };
		BFF633F027E40BDC004AA634 /* WordleColor.swift */ = {isa = PBXFileReference; lastKnownFileType = sourcecode.swift; path = WordleColor.swift; sourceTree = "<group>"; };
/* End PBXFileReference section */

/* Begin PBXFrameworksBuildPhase section */
		BF7788AD27E2E4DC00538874 /* Frameworks */ = {
			isa = PBXFrameworksBuildPhase;
			buildActionMask = 2147483647;
			files = (
			);
			runOnlyForDeploymentPostprocessing = 0;
		};
		BF7788C227E2E4E000538874 /* Frameworks */ = {
			isa = PBXFrameworksBuildPhase;
			buildActionMask = 2147483647;
			files = (
			);
			runOnlyForDeploymentPostprocessing = 0;
		};
		BF7788CC27E2E4E000538874 /* Frameworks */ = {
			isa = PBXFrameworksBuildPhase;
			buildActionMask = 2147483647;
			files = (
			);
			runOnlyForDeploymentPostprocessing = 0;
		};
/* End PBXFrameworksBuildPhase section */

/* Begin PBXGroup section */
		BF7788A727E2E4DC00538874 = {
			isa = PBXGroup;
			children = (
				BF7788B227E2E4DC00538874 /* WordleXendit */,
				BF7788C827E2E4E000538874 /* WordleXenditTests */,
				BF7788D227E2E4E000538874 /* WordleXenditUITests */,
				BF7788B127E2E4DC00538874 /* Products */,
			);
			sourceTree = "<group>";
		};
		BF7788B127E2E4DC00538874 /* Products */ = {
			isa = PBXGroup;
			children = (
				BF7788B027E2E4DC00538874 /* WordleXendit.app */,
				BF7788C527E2E4E000538874 /* WordleXenditTests.xctest */,
				BF7788CF27E2E4E000538874 /* WordleXenditUITests.xctest */,
			);
			name = Products;
			sourceTree = "<group>";
		};
		BF7788B227E2E4DC00538874 /* WordleXendit */ = {
			isa = PBXGroup;
			children = (
				BF7788B327E2E4DC00538874 /* WordleXenditApp.swift */,
				BF7788B727E2E4E000538874 /* Assets.xcassets */,
				BF7788BC27E2E4E000538874 /* Persistence.swift */,
				BF7788BE27E2E4E000538874 /* WordleXendit.xcdatamodeld */,
				BF7788B927E2E4E000538874 /* Preview Content */,
				BFF633E827E404E9004AA634 /* WordleViewModel.swift */,
				BFF633EC27E4072C004AA634 /* Wordle.swift */,
				BFF633F027E40BDC004AA634 /* WordleColor.swift */,
			);
			path = WordleXendit;
			sourceTree = "<group>";
		};
		BF7788B927E2E4E000538874 /* Preview Content */ = {
			isa = PBXGroup;
			children = (
				BF7788BA27E2E4E000538874 /* Preview Assets.xcassets */,
			);
			path = "Preview Content";
			sourceTree = "<group>";
		};
		BF7788C827E2E4E000538874 /* WordleXenditTests */ = {
			isa = PBXGroup;
			children = (
				BF7788C927E2E4E000538874 /* WordleXenditTests.swift */,
			);
			path = WordleXenditTests;
			sourceTree = "<group>";
		};
		BF7788D227E2E4E000538874 /* WordleXenditUITests */ = {
			isa = PBXGroup;
			children = (
				BF7788D327E2E4E000538874 /* WordleXenditUITests.swift */,
				BF7788D527E2E4E000538874 /* WordleXenditUITestsLaunchTests.swift */,
			);
			path = WordleXenditUITests;
			sourceTree = "<group>";
		};
/* End PBXGroup section */

/* Begin PBXNativeTarget section */
		BF7788AF27E2E4DC00538874 /* WordleXendit */ = {
			isa = PBXNativeTarget;
			buildConfigurationList = BF7788D927E2E4E000538874 /* Build configuration list for PBXNativeTarget "WordleXendit" */;
			buildPhases = (
				BF7788AC27E2E4DC00538874 /* Sources */,
				BF7788AD27E2E4DC00538874 /* Frameworks */,
				BF7788AE27E2E4DC00538874 /* Resources */,
			);
			buildRules = (
			);
			dependencies = (
			);
			name = WordleXendit;
			productName = WordleXendit;
			productReference = BF7788B027E2E4DC00538874 /* WordleXendit.app */;
			productType = "com.apple.product-type.application";
		};
		BF7788C427E2E4E000538874 /* WordleXenditTests */ = {
			isa = PBXNativeTarget;
			buildConfigurationList = BF7788DC27E2E4E000538874 /* Build configuration list for PBXNativeTarget "WordleXenditTests" */;
			buildPhases = (
				BF7788C127E2E4E000538874 /* Sources */,
				BF7788C227E2E4E000538874 /* Frameworks */,
				BF7788C327E2E4E000538874 /* Resources */,
			);
			buildRules = (
			);
			dependencies = (
				BF7788C727E2E4E000538874 /* PBXTargetDependency */,
			);
			name = WordleXenditTests;
			productName = WordleXenditTests;
			productReference = BF7788C527E2E4E000538874 /* WordleXenditTests.xctest */;
			productType = "com.apple.product-type.bundle.unit-test";
		};
		BF7788CE27E2E4E000538874 /* WordleXenditUITests */ = {
			isa = PBXNativeTarget;
			buildConfigurationList = BF7788DF27E2E4E000538874 /* Build configuration list for PBXNativeTarget "WordleXenditUITests" */;
			buildPhases = (
				BF7788CB27E2E4E000538874 /* Sources */,
				BF7788CC27E2E4E000538874 /* Frameworks */,
				BF7788CD27E2E4E000538874 /* Resources */,
			);
			buildRules = (
			);
			dependencies = (
				BF7788D127E2E4E000538874 /* PBXTargetDependency */,
			);
			name = WordleXenditUITests;
			productName = WordleXenditUITests;
			productReference = BF7788CF27E2E4E000538874 /* WordleXenditUITests.xctest */;
			productType = "com.apple.product-type.bundle.ui-testing";
		};
/* End PBXNativeTarget section */

/* Begin PBXProject section */
		BF7788A827E2E4DC00538874 /* Project object */ = {
			isa = PBXProject;
			attributes = {
				BuildIndependentTargetsInParallel = 1;
				LastSwiftUpdateCheck = 1320;
				LastUpgradeCheck = 1320;
				TargetAttributes = {
					BF7788AF27E2E4DC00538874 = {
						CreatedOnToolsVersion = 13.2.1;
					};
					BF7788C427E2E4E000538874 = {
						CreatedOnToolsVersion = 13.2.1;
						TestTargetID = BF7788AF27E2E4DC00538874;
					};
					BF7788CE27E2E4E000538874 = {
						CreatedOnToolsVersion = 13.2.1;
						TestTargetID = BF7788AF27E2E4DC00538874;
					};
				};
			};
			buildConfigurationList = BF7788AB27E2E4DC00538874 /* Build configuration list for PBXProject "WordleXendit" */;
			compatibilityVersion = "Xcode 13.0";
			developmentRegion = en;
			hasScannedForEncodings = 0;
			knownRegions = (
				en,
				Base,
			);
			mainGroup = BF7788A727E2E4DC00538874;
			productRefGroup = BF7788B127E2E4DC00538874 /* Products */;
			projectDirPath = "";
			projectRoot = "";
			targets = (
				BF7788AF27E2E4DC00538874 /* WordleXendit */,
				BF7788C427E2E4E000538874 /* WordleXenditTests */,
				BF7788CE27E2E4E000538874 /* WordleXenditUITests */,
			);
		};
/* End PBXProject section */

/* Begin PBXResourcesBuildPhase section */
		BF7788AE27E2E4DC00538874 /* Resources */ = {
			isa = PBXResourcesBuildPhase;
			buildActionMask = 2147483647;
			files = (
				BF7788BB27E2E4E000538874 /* Preview Assets.xcassets in Resources */,
				BF7788B827E2E4E000538874 /* Assets.xcassets in Resources */,
			);
			runOnlyForDeploymentPostprocessing = 0;
		};
		BF7788C327E2E4E000538874 /* Resources */ = {
			isa = PBXResourcesBuildPhase;
			buildActionMask = 2147483647;
			files = (
			);
			runOnlyForDeploymentPostprocessing = 0;
		};
		BF7788CD27E2E4E000538874 /* Resources */ = {
			isa = PBXResourcesBuildPhase;
			buildActionMask = 2147483647;
			files = (
			);
			runOnlyForDeploymentPostprocessing = 0;
		};
/* End PBXResourcesBuildPhase section */

/* Begin PBXSourcesBuildPhase section */
		BF7788AC27E2E4DC00538874 /* Sources */ = {
			isa = PBXSourcesBuildPhase;
			buildActionMask = 2147483647;
			files = (
				BFF633ED27E4072C004AA634 /* Wordle.swift in Sources */,
				BF7788BD27E2E4E000538874 /* Persistence.swift in Sources */,
				BFF633E927E404E9004AA634 /* WordleViewModel.swift in Sources */,
				BF7788C027E2E4E000538874 /* WordleXendit.xcdatamodeld in Sources */,
				BFF633F127E40BDC004AA634 /* WordleColor.swift in Sources */,
				BF7788B427E2E4DC00538874 /* WordleXenditApp.swift in Sources */,
			);
			runOnlyForDeploymentPostprocessing = 0;
		};
		BF7788C127E2E4E000538874 /* Sources */ = {
			isa = PBXSourcesBuildPhase;
			buildActionMask = 2147483647;
			files = (
				BF7788CA27E2E4E000538874 /* WordleXenditTests.swift in Sources */,
			);
			runOnlyForDeploymentPostprocessing = 0;
		};
		BF7788CB27E2E4E000538874 /* Sources */ = {
			isa = PBXSourcesBuildPhase;
			buildActionMask = 2147483647;
			files = (
				BF7788D427E2E4E000538874 /* WordleXenditUITests.swift in Sources */,
				BF7788D627E2E4E000538874 /* WordleXenditUITestsLaunchTests.swift in Sources */,
			);
			runOnlyForDeploymentPostprocessing = 0;
		};
/* End PBXSourcesBuildPhase section */

/* Begin PBXTargetDependency section */
		BF7788C727E2E4E000538874 /* PBXTargetDependency */ = {
			isa = PBXTargetDependency;
			target = BF7788AF27E2E4DC00538874 /* WordleXendit */;
			targetProxy = BF7788C627E2E4E000538874 /* PBXContainerItemProxy */;
		};
		BF7788D127E2E4E000538874 /* PBXTargetDependency */ = {
			isa = PBXTargetDependency;
			target = BF7788AF27E2E4DC00538874 /* WordleXendit */;
			targetProxy = BF7788D027E2E4E000538874 /* PBXContainerItemProxy */;
		};
/* End PBXTargetDependency section */

/* Begin XCBuildConfiguration section */
		BF7788D727E2E4E000538874 /* Debug */ = {
			isa = XCBuildConfiguration;
			buildSettings = {
				ALWAYS_SEARCH_USER_PATHS = NO;
				CLANG_ANALYZER_NONNULL = YES;
				CLANG_ANALYZER_NUMBER_OBJECT_CONVERSION = YES_AGGRESSIVE;
				CLANG_CXX_LANGUAGE_STANDARD = "gnu++17";
				CLANG_CXX_LIBRARY = "libc++";
				CLANG_ENABLE_MODULES = YES;
				CLANG_ENABLE_OBJC_ARC = YES;
				CLANG_ENABLE_OBJC_WEAK = YES;
				CLANG_WARN_BLOCK_CAPTURE_AUTORELEASING = YES;
				CLANG_WARN_BOOL_CONVERSION = YES;
				CLANG_WARN_COMMA = YES;
				CLANG_WARN_CONSTANT_CONVERSION = YES;
				CLANG_WARN_DEPRECATED_OBJC_IMPLEMENTATIONS = YES;
				CLANG_WARN_DIRECT_OBJC_ISA_USAGE = YES_ERROR;
				CLANG_WARN_DOCUMENTATION_COMMENTS = YES;
				CLANG_WARN_EMPTY_BODY = YES;
				CLANG_WARN_ENUM_CONVERSION = YES;
				CLANG_WARN_INFINITE_RECURSION = YES;
				CLANG_WARN_INT_CONVERSION = YES;
				CLANG_WARN_NON_LITERAL_NULL_CONVERSION = YES;
				CLANG_WARN_OBJC_IMPLICIT_RETAIN_SELF = YES;
				CLANG_WARN_OBJC_LITERAL_CONVERSION = YES;
				CLANG_WARN_OBJC_ROOT_CLASS = YES_ERROR;
				CLANG_WARN_QUOTED_INCLUDE_IN_FRAMEWORK_HEADER = YES;
				CLANG_WARN_RANGE_LOOP_ANALYSIS = YES;
				CLANG_WARN_STRICT_PROTOTYPES = YES;
				CLANG_WARN_SUSPICIOUS_MOVE = YES;
				CLANG_WARN_UNGUARDED_AVAILABILITY = YES_AGGRESSIVE;
				CLANG_WARN_UNREACHABLE_CODE = YES;
				CLANG_WARN__DUPLICATE_METHOD_MATCH = YES;
				COPY_PHASE_STRIP = NO;
				DEBUG_INFORMATION_FORMAT = dwarf;
				ENABLE_STRICT_OBJC_MSGSEND = YES;
				ENABLE_TESTABILITY = YES;
				GCC_C_LANGUAGE_STANDARD = gnu11;
				GCC_DYNAMIC_NO_PIC = NO;
				GCC_NO_COMMON_BLOCKS = YES;
				GCC_OPTIMIZATION_LEVEL = 0;
				GCC_PREPROCESSOR_DEFINITIONS = (
					"DEBUG=1",
					"$(inherited)",
				);
				GCC_WARN_64_TO_32_BIT_CONVERSION = YES;
				GCC_WARN_ABOUT_RETURN_TYPE = YES_ERROR;
				GCC_WARN_UNDECLARED_SELECTOR = YES;
				GCC_WARN_UNINITIALIZED_AUTOS = YES_AGGRESSIVE;
				GCC_WARN_UNUSED_FUNCTION = YES;
				GCC_WARN_UNUSED_VARIABLE = YES;
				IPHONEOS_DEPLOYMENT_TARGET = 15.2;
				MTL_ENABLE_DEBUG_INFO = INCLUDE_SOURCE;
				MTL_FAST_MATH = YES;
				ONLY_ACTIVE_ARCH = YES;
				SDKROOT = iphoneos;
				SWIFT_ACTIVE_COMPILATION_CONDITIONS = DEBUG;
				SWIFT_OPTIMIZATION_LEVEL = "-Onone";
			};
			name = Debug;
		};
		BF7788D827E2E4E000538874 /* Release */ = {
			isa = XCBuildConfiguration;
			buildSettings = {
				ALWAYS_SEARCH_USER_PATHS = NO;
				CLANG_ANALYZER_NONNULL = YES;
				CLANG_ANALYZER_NUMBER_OBJECT_CONVERSION = YES_AGGRESSIVE;
				CLANG_CXX_LANGUAGE_STANDARD = "gnu++17";
				CLANG_CXX_LIBRARY = "libc++";
				CLANG_ENABLE_MODULES = YES;
				CLANG_ENABLE_OBJC_ARC = YES;
				CLANG_ENABLE_OBJC_WEAK = YES;
				CLANG_WARN_BLOCK_CAPTURE_AUTORELEASING = YES;
				CLANG_WARN_BOOL_CONVERSION = YES;
				CLANG_WARN_COMMA = YES;
				CLANG_WARN_CONSTANT_CONVERSION = YES;
				CLANG_WARN_DEPRECATED_OBJC_IMPLEMENTATIONS = YES;
				CLANG_WARN_DIRECT_OBJC_ISA_USAGE = YES_ERROR;
				CLANG_WARN_DOCUMENTATION_COMMENTS = YES;
				CLANG_WARN_EMPTY_BODY = YES;
				CLANG_WARN_ENUM_CONVERSION = YES;
				CLANG_WARN_INFINITE_RECURSION = YES;
				CLANG_WARN_INT_CONVERSION = YES;
				CLANG_WARN_NON_LITERAL_NULL_CONVERSION = YES;
				CLANG_WARN_OBJC_IMPLICIT_RETAIN_SELF = YES;
				CLANG_WARN_OBJC_LITERAL_CONVERSION = YES;
				CLANG_WARN_OBJC_ROOT_CLASS = YES_ERROR;
				CLANG_WARN_QUOTED_INCLUDE_IN_FRAMEWORK_HEADER = YES;
				CLANG_WARN_RANGE_LOOP_ANALYSIS = YES;
				CLANG_WARN_STRICT_PROTOTYPES = YES;
				CLANG_WARN_SUSPICIOUS_MOVE = YES;
				CLANG_WARN_UNGUARDED_AVAILABILITY = YES_AGGRESSIVE;
				CLANG_WARN_UNREACHABLE_CODE = YES;
				CLANG_WARN__DUPLICATE_METHOD_MATCH = YES;
				COPY_PHASE_STRIP = NO;
				DEBUG_INFORMATION_FORMAT = "dwarf-with-dsym";
				ENABLE_NS_ASSERTIONS = NO;
				ENABLE_STRICT_OBJC_MSGSEND = YES;
				GCC_C_LANGUAGE_STANDARD = gnu11;
				GCC_NO_COMMON_BLOCKS = YES;
				GCC_WARN_64_TO_32_BIT_CONVERSION = YES;
				GCC_WARN_ABOUT_RETURN_TYPE = YES_ERROR;
				GCC_WARN_UNDECLARED_SELECTOR = YES;
				GCC_WARN_UNINITIALIZED_AUTOS = YES_AGGRESSIVE;
				GCC_WARN_UNUSED_FUNCTION = YES;
				GCC_WARN_UNUSED_VARIABLE = YES;
				IPHONEOS_DEPLOYMENT_TARGET = 15.2;
				MTL_ENABLE_DEBUG_INFO = NO;
				MTL_FAST_MATH = YES;
				SDKROOT = iphoneos;
				SWIFT_COMPILATION_MODE = wholemodule;
				SWIFT_OPTIMIZATION_LEVEL = "-O";
				VALIDATE_PRODUCT = YES;
			};
			name = Release;
		};
		BF7788DA27E2E4E000538874 /* Debug */ = {
			isa = XCBuildConfiguration;
			buildSettings = {
				ASSETCATALOG_COMPILER_APPICON_NAME = AppIcon;
				ASSETCATALOG_COMPILER_GLOBAL_ACCENT_COLOR_NAME = AccentColor;
				CODE_SIGN_STYLE = Automatic;
				CURRENT_PROJECT_VERSION = 1;
				DEVELOPMENT_ASSET_PATHS = "\"WordleXendit/Preview Content\"";
				ENABLE_PREVIEWS = YES;
				GENERATE_INFOPLIST_FILE = YES;
				INFOPLIST_KEY_UIApplicationSceneManifest_Generation = YES;
				INFOPLIST_KEY_UIApplicationSupportsIndirectInputEvents = YES;
				INFOPLIST_KEY_UILaunchScreen_Generation = YES;
				INFOPLIST_KEY_UISupportedInterfaceOrientations_iPad = "UIInterfaceOrientationPortrait UIInterfaceOrientationPortraitUpsideDown UIInterfaceOrientationLandscapeLeft UIInterfaceOrientationLandscapeRight";
				INFOPLIST_KEY_UISupportedInterfaceOrientations_iPhone = "UIInterfaceOrientationPortrait UIInterfaceOrientationLandscapeLeft UIInterfaceOrientationLandscapeRight";
				LD_RUNPATH_SEARCH_PATHS = (
					"$(inherited)",
					"@executable_path/Frameworks",
				);
				MARKETING_VERSION = 1.0;
				PRODUCT_BUNDLE_IDENTIFIER = mitrais.com.WordleXendit;
				PRODUCT_NAME = "$(TARGET_NAME)";
				SWIFT_EMIT_LOC_STRINGS = YES;
				SWIFT_VERSION = 5.0;
				TARGETED_DEVICE_FAMILY = "1,2";
			};
			name = Debug;
		};
		BF7788DB27E2E4E000538874 /* Release */ = {
			isa = XCBuildConfiguration;
			buildSettings = {
				ASSETCATALOG_COMPILER_APPICON_NAME = AppIcon;
				ASSETCATALOG_COMPILER_GLOBAL_ACCENT_COLOR_NAME = AccentColor;
				CODE_SIGN_STYLE = Automatic;
				CURRENT_PROJECT_VERSION = 1;
				DEVELOPMENT_ASSET_PATHS = "\"WordleXendit/Preview Content\"";
				ENABLE_PREVIEWS = YES;
				GENERATE_INFOPLIST_FILE = YES;
				INFOPLIST_KEY_UIApplicationSceneManifest_Generation = YES;
				INFOPLIST_KEY_UIApplicationSupportsIndirectInputEvents = YES;
				INFOPLIST_KEY_UILaunchScreen_Generation = YES;
				INFOPLIST_KEY_UISupportedInterfaceOrientations_iPad = "UIInterfaceOrientationPortrait UIInterfaceOrientationPortraitUpsideDown UIInterfaceOrientationLandscapeLeft UIInterfaceOrientationLandscapeRight";
				INFOPLIST_KEY_UISupportedInterfaceOrientations_iPhone = "UIInterfaceOrientationPortrait UIInterfaceOrientationLandscapeLeft UIInterfaceOrientationLandscapeRight";
				LD_RUNPATH_SEARCH_PATHS = (
					"$(inherited)",
					"@executable_path/Frameworks",
				);
				MARKETING_VERSION = 1.0;
				PRODUCT_BUNDLE_IDENTIFIER = mitrais.com.WordleXendit;
				PRODUCT_NAME = "$(TARGET_NAME)";
				SWIFT_EMIT_LOC_STRINGS = YES;
				SWIFT_VERSION = 5.0;
				TARGETED_DEVICE_FAMILY = "1,2";
			};
			name = Release;
		};
		BF7788DD27E2E4E000538874 /* Debug */ = {
			isa = XCBuildConfiguration;
			buildSettings = {
				ALWAYS_EMBED_SWIFT_STANDARD_LIBRARIES = YES;
				BUNDLE_LOADER = "$(TEST_HOST)";
				CODE_SIGN_STYLE = Automatic;
				CURRENT_PROJECT_VERSION = 1;
				GENERATE_INFOPLIST_FILE = YES;
				IPHONEOS_DEPLOYMENT_TARGET = 15.2;
				MARKETING_VERSION = 1.0;
				PRODUCT_BUNDLE_IDENTIFIER = mitrais.com.WordleXenditTests;
				PRODUCT_NAME = "$(TARGET_NAME)";
				SWIFT_EMIT_LOC_STRINGS = NO;
				SWIFT_VERSION = 5.0;
				TARGETED_DEVICE_FAMILY = "1,2";
				TEST_HOST = "$(BUILT_PRODUCTS_DIR)/WordleXendit.app/WordleXendit";
			};
			name = Debug;
		};
		BF7788DE27E2E4E000538874 /* Release */ = {
			isa = XCBuildConfiguration;
			buildSettings = {
				ALWAYS_EMBED_SWIFT_STANDARD_LIBRARIES = YES;
				BUNDLE_LOADER = "$(TEST_HOST)";
				CODE_SIGN_STYLE = Automatic;
				CURRENT_PROJECT_VERSION = 1;
				GENERATE_INFOPLIST_FILE = YES;
				IPHONEOS_DEPLOYMENT_TARGET = 15.2;
				MARKETING_VERSION = 1.0;
				PRODUCT_BUNDLE_IDENTIFIER = mitrais.com.WordleXenditTests;
				PRODUCT_NAME = "$(TARGET_NAME)";
				SWIFT_EMIT_LOC_STRINGS = NO;
				SWIFT_VERSION = 5.0;
				TARGETED_DEVICE_FAMILY = "1,2";
				TEST_HOST = "$(BUILT_PRODUCTS_DIR)/WordleXendit.app/WordleXendit";
			};
			name = Release;
		};
		BF7788E027E2E4E000538874 /* Debug */ = {
			isa = XCBuildConfiguration;
			buildSettings = {
				ALWAYS_EMBED_SWIFT_STANDARD_LIBRARIES = YES;
				CODE_SIGN_STYLE = Automatic;
				CURRENT_PROJECT_VERSION = 1;
				GENERATE_INFOPLIST_FILE = YES;
				MARKETING_VERSION = 1.0;
				PRODUCT_BUNDLE_IDENTIFIER = mitrais.com.WordleXenditUITests;
				PRODUCT_NAME = "$(TARGET_NAME)";
				SWIFT_EMIT_LOC_STRINGS = NO;
				SWIFT_VERSION = 5.0;
				TARGETED_DEVICE_FAMILY = "1,2";
				TEST_TARGET_NAME = WordleXendit;
			};
			name = Debug;
		};
		BF7788E127E2E4E000538874 /* Release */ = {
			isa = XCBuildConfiguration;
			buildSettings = {
				ALWAYS_EMBED_SWIFT_STANDARD_LIBRARIES = YES;
				CODE_SIGN_STYLE = Automatic;
				CURRENT_PROJECT_VERSION = 1;
				GENERATE_INFOPLIST_FILE = YES;
				MARKETING_VERSION = 1.0;
				PRODUCT_BUNDLE_IDENTIFIER = mitrais.com.WordleXenditUITests;
				PRODUCT_NAME = "$(TARGET_NAME)";
				SWIFT_EMIT_LOC_STRINGS = NO;
				SWIFT_VERSION = 5.0;
				TARGETED_DEVICE_FAMILY = "1,2";
				TEST_TARGET_NAME = WordleXendit;
			};
			name = Release;
		};
/* End XCBuildConfiguration section */

/* Begin XCConfigurationList section */
		BF7788AB27E2E4DC00538874 /* Build configuration list for PBXProject "WordleXendit" */ = {
			isa = XCConfigurationList;
			buildConfigurations = (
				BF7788D727E2E4E000538874 /* Debug */,
				BF7788D827E2E4E000538874 /* Release */,
			);
			defaultConfigurationIsVisible = 0;
			defaultConfigurationName = Release;
		};
		BF7788D927E2E4E000538874 /* Build configuration list for PBXNativeTarget "WordleXendit" */ = {
			isa = XCConfigurationList;
			buildConfigurations = (
				BF7788DA27E2E4E000538874 /* Debug */,
				BF7788DB27E2E4E000538874 /* Release */,
			);
			defaultConfigurationIsVisible = 0;
			defaultConfigurationName = Release;
		};
		BF7788DC27E2E4E000538874 /* Build configuration list for PBXNativeTarget "WordleXenditTests" */ = {
			isa = XCConfigurationList;
			buildConfigurations = (
				BF7788DD27E2E4E000538874 /* Debug */,
				BF7788DE27E2E4E000538874 /* Release */,
			);
			defaultConfigurationIsVisible = 0;
			defaultConfigurationName = Release;
		};
		BF7788DF27E2E4E000538874 /* Build configuration list for PBXNativeTarget "WordleXenditUITests" */ = {
			isa = XCConfigurationList;
			buildConfigurations = (
				BF7788E027E2E4E000538874 /* Debug */,
				BF7788E127E2E4E000538874 /* Release */,
			);
			defaultConfigurationIsVisible = 0;
			defaultConfigurationName = Release;
		};
/* End XCConfigurationList section */

/* Begin XCVersionGroup section */
		BF7788BE27E2E4E000538874 /* WordleXendit.xcdatamodeld */ = {
			isa = XCVersionGroup;
			children = (
				BF7788BF27E2E4E000538874 /* WordleXendit.xcdatamodel */,
			);
			currentVersion = BF7788BF27E2E4E000538874 /* WordleXendit.xcdatamodel */;
			path = WordleXendit.xcdatamodeld;
			sourceTree = "<group>";
			versionGroupType = wrapper.xcdatamodel;
		};
/* End XCVersionGroup section */
	};
	rootObject = BF7788A827E2E4DC00538874 /* Project object */;
}
